
Microsoft Visual Studio Solution File, Format Version 12.00
# Visual Studio 15
VisualStudioVersion = 15.0.28307.271
MinimumVisualStudioVersion = 10.0.40219.1
Project("{FAE04EC0-301F-11D3-BF4B-00C04F79EFBC}") = "Stopwatch", "Stopwatch\Stopwatch.csproj", "{63561C60-329E-4FB4-8D30-BA4C8C2D2F6D}"
EndProject
Project("{FAE04EC0-301F-11D3-BF4B-00C04F79EFBC}") = "KeyboardHook", "KeyboardHook\KeyboardHook.csproj", "{508F786A-67B1-42A4-BD11-CF3A17E0D9BB}"
EndProject
Project("{FAE04EC0-301F-11D3-BF4B-00C04F79EFBC}") = "Timers", "Timers\Timers.csproj", "{C6E5B920-A93B-49C0-B446-3FEDAA9B0345}"
EndProject
Project("{FAE04EC0-301F-11D3-BF4B-00C04F79EFBC}") = "FunctionalTesting", "FunctionalTesting\FunctionalTesting.csproj", "{1C9CEC44-D4CD-4372-AEFC-CE1462FAA6F3}"
EndProject
Global
	GlobalSection(SolutionConfigurationPlatforms) = preSolution
		Debug|Any CPU = Debug|Any CPU
		Release|Any CPU = Release|Any CPU
	EndGlobalSection
	GlobalSection(ProjectConfigurationPlatforms) = postSolution
		{63561C60-329E-4FB4-8D30-BA4C8C2D2F6D}.Debug|Any CPU.ActiveCfg = Debug|Any CPU
		{63561C60-329E-4FB4-8D30-BA4C8C2D2F6D}.Debug|Any CPU.Build.0 = Debug|Any CPU
		{63561C60-329E-4FB4-8D30-BA4C8C2D2F6D}.Release|Any CPU.ActiveCfg = Release|Any CPU
		{63561C60-329E-4FB4-8D30-BA4C8C2D2F6D}.Release|Any CPU.Build.0 = Release|Any CPU
		{508F786A-67B1-42A4-BD11-CF3A17E0D9BB}.Debug|Any CPU.ActiveCfg = Debug|Any CPU
		{508F786A-67B1-42A4-BD11-CF3A17E0D9BB}.Debug|Any CPU.Build.0 = Debug|Any CPU
		{508F786A-67B1-42A4-BD11-CF3A17E0D9BB}.Release|Any CPU.ActiveCfg = Release|Any CPU
		{508F786A-67B1-42A4-BD11-CF3A17E0D9BB}.Release|Any CPU.Build.0 = Release|Any CPU
		{C6E5B920-A93B-49C0-B446-3FEDAA9B0345}.Debug|Any CPU.ActiveCfg = Debug|Any CPU
		{C6E5B920-A93B-49C0-B446-3FEDAA9B0345}.Debug|Any CPU.Build.0 = Debug|Any CPU
		{C6E5B920-A93B-49C0-B446-3FEDAA9B0345}.Release|Any CPU.ActiveCfg = Release|Any CPU
		{C6E5B920-A93B-49C0-B446-3FEDAA9B0345}.Release|Any CPU.Build.0 = Release|Any CPU
		{1C9CEC44-D4CD-4372-AEFC-CE1462FAA6F3}.Debug|Any CPU.ActiveCfg = Debug|Any CPU
		{1C9CEC44-D4CD-4372-AEFC-CE1462FAA6F3}.Debug|Any CPU.Build.0 = Debug|Any CPU
		{1C9CEC44-D4CD-4372-AEFC-CE1462FAA6F3}.Release|Any CPU.ActiveCfg = Release|Any CPU
		{1C9CEC44-D4CD-4372-AEFC-CE1462FAA6F3}.Release|Any CPU.Build.0 = Release|Any CPU
	EndGlobalSection
	GlobalSection(SolutionProperties) = preSolution
		HideSolutionNode = FALSE
	EndGlobalSection
	GlobalSection(ExtensibilityGlobals) = postSolution
		SolutionGuid = {212B0C7D-9C0B-4DC8-94B5-1CB16C7A29B5}
	EndGlobalSection
EndGlobal
